
Microsoft Visual Studio Solution File, Format Version 12.00
# Visual Studio Version 17
VisualStudioVersion = 17.6.33829.357
MinimumVisualStudioVersion = 10.0.40219.1
Project("{FAE04EC0-301F-11D3-BF4B-00C04F79EFBC}") = "M3Tech.OCR.API.PredictionDocument", "M3Tech.OCR.API.PredictionDocument\M3Tech.OCR.API.PredictionDocument.csproj", "{F193CB6B-1A4C-43D7-A5ED-F4D4FFF0CFB0}"
EndProject
Global
	GlobalSection(SolutionConfigurationPlatforms) = preSolution
		Debug|Any CPU = Debug|Any CPU
		Release|Any CPU = Release|Any CPU
	EndGlobalSection
	GlobalSection(ProjectConfigurationPlatforms) = postSolution
		{F193CB6B-1A4C-43D7-A5ED-F4D4FFF0CFB0}.Debug|Any CPU.ActiveCfg = Debug|Any CPU
		{F193CB6B-1A4C-43D7-A5ED-F4D4FFF0CFB0}.Debug|Any CPU.Build.0 = Debug|Any CPU
		{F193CB6B-1A4C-43D7-A5ED-F4D4FFF0CFB0}.Release|Any CPU.ActiveCfg = Release|Any CPU
		{F193CB6B-1A4C-43D7-A5ED-F4D4FFF0CFB0}.Release|Any CPU.Build.0 = Release|Any CPU
	EndGlobalSection
	GlobalSection(SolutionProperties) = preSolution
		HideSolutionNode = FALSE
	EndGlobalSection
	GlobalSection(ExtensibilityGlobals) = postSolution
		SolutionGuid = {EAE79ECD-9448-4E12-959C-A5203C68CF43}
	EndGlobalSection
EndGlobal
